
Microsoft Visual Studio Solution File, Format Version 12.00
# Visual Studio 2012
Project("{FAE04EC0-301F-11D3-BF4B-00C04F79EFBC}") = "daYMANs Sidebar", "daYMANs Sidebar.csproj", "{69AA7299-76C0-4280-AD14-B3538D599810}"
EndProject
Global
	GlobalSection(SolutionConfigurationPlatforms) = preSolution
		Debug|Any CPU = Debug|Any CPU
		Release|Any CPU = Release|Any CPU
	EndGlobalSection
	GlobalSection(ProjectConfigurationPlatforms) = postSolution
		{69AA7299-76C0-4280-AD14-B3538D599810}.Debug|Any CPU.ActiveCfg = Debug|Any CPU
		{69AA7299-76C0-4280-AD14-B3538D599810}.Debug|Any CPU.Build.0 = Debug|Any CPU
		{69AA7299-76C0-4280-AD14-B3538D599810}.Release|Any CPU.ActiveCfg = Release|Any CPU
		{69AA7299-76C0-4280-AD14-B3538D599810}.Release|Any CPU.Build.0 = Release|Any CPU
	EndGlobalSection
	GlobalSection(SolutionProperties) = preSolution
		HideSolutionNode = FALSE
	EndGlobalSection
EndGlobal
